// !$*UTF8*$!
{
	archiveVersion = 1;
	classes = {
	};
	objectVersion = 50;
	objects = {

/* Begin PBXBuildFile section */
		0C2CBF8D21A5F09B00ADCD7D /* mapViewVC.swift in Sources */ = {isa = PBXBuildFile; fileRef = 0C2CBF8C21A5F09B00ADCD7D /* mapViewVC.swift */; };
		0CB8E37A21A393B50084023E /* createVC.swift in Sources */ = {isa = PBXBuildFile; fileRef = 0CB8E37921A393B50084023E /* createVC.swift */; };
		0CB8E37C21A39F180084023E /* FeedCell.swift in Sources */ = {isa = PBXBuildFile; fileRef = 0CB8E37B21A39F180084023E /* FeedCell.swift */; };
		0CB8E37E21A3A25A0084023E /* listing.swift in Sources */ = {isa = PBXBuildFile; fileRef = 0CB8E37D21A3A25A0084023E /* listing.swift */; };
		0CB8E38021A3BDC60084023E /* DataService.swift in Sources */ = {isa = PBXBuildFile; fileRef = 0CB8E37F21A3BDC60084023E /* DataService.swift */; };
		0CDA711B219D12B200578F25 /* AppDelegate.swift in Sources */ = {isa = PBXBuildFile; fileRef = 0CDA711A219D12B200578F25 /* AppDelegate.swift */; };
		0CDA7120219D12B200578F25 /* Main.storyboard in Resources */ = {isa = PBXBuildFile; fileRef = 0CDA711E219D12B200578F25 /* Main.storyboard */; };
		0CDA7122219D12B900578F25 /* Assets.xcassets in Resources */ = {isa = PBXBuildFile; fileRef = 0CDA7121219D12B900578F25 /* Assets.xcassets */; };
		0CDA7125219D12B900578F25 /* LaunchScreen.storyboard in Resources */ = {isa = PBXBuildFile; fileRef = 0CDA7123219D12B900578F25 /* LaunchScreen.storyboard */; };
		0CDA712D219D149B00578F25 /* GoogleService-Info.plist in Resources */ = {isa = PBXBuildFile; fileRef = 0CDA712C219D149B00578F25 /* GoogleService-Info.plist */; };
		0CF26BB321A36CC3009AD551 /* loginVC.swift in Sources */ = {isa = PBXBuildFile; fileRef = 0CF26BB221A36CC3009AD551 /* loginVC.swift */; };
		0CF26BB521A36E5A009AD551 /* registerVC.swift in Sources */ = {isa = PBXBuildFile; fileRef = 0CF26BB421A36E5A009AD551 /* registerVC.swift */; };
		0CF26BB721A373C9009AD551 /* homeVC.swift in Sources */ = {isa = PBXBuildFile; fileRef = 0CF26BB621A373C9009AD551 /* homeVC.swift */; };
		80E797201FB27E2A3ECCCDE3 /* Pods_Ligare.framework in Frameworks */ = {isa = PBXBuildFile; fileRef = DCBDCEFF1FAD786E9A0BA691 /* Pods_Ligare.framework */; };
/* End PBXBuildFile section */

/* Begin PBXFileReference section */
		0C2CBF8C21A5F09B00ADCD7D /* mapViewVC.swift */ = {isa = PBXFileReference; lastKnownFileType = sourcecode.swift; path = mapViewVC.swift; sourceTree = "<group>"; };
		0CB8E37921A393B50084023E /* createVC.swift */ = {isa = PBXFileReference; lastKnownFileType = sourcecode.swift; path = createVC.swift; sourceTree = "<group>"; };
		0CB8E37B21A39F180084023E /* FeedCell.swift */ = {isa = PBXFileReference; lastKnownFileType = sourcecode.swift; path = FeedCell.swift; sourceTree = "<group>"; };
		0CB8E37D21A3A25A0084023E /* listing.swift */ = {isa = PBXFileReference; lastKnownFileType = sourcecode.swift; path = listing.swift; sourceTree = "<group>"; };
		0CB8E37F21A3BDC60084023E /* DataService.swift */ = {isa = PBXFileReference; lastKnownFileType = sourcecode.swift; path = DataService.swift; sourceTree = "<group>"; };
		0CDA7117219D12B200578F25 /* Ligare.app */ = {isa = PBXFileReference; explicitFileType = wrapper.application; includeInIndex = 0; path = Ligare.app; sourceTree = BUILT_PRODUCTS_DIR; };
		0CDA711A219D12B200578F25 /* AppDelegate.swift */ = {isa = PBXFileReference; lastKnownFileType = sourcecode.swift; path = AppDelegate.swift; sourceTree = "<group>"; };
		0CDA711F219D12B200578F25 /* Base */ = {isa = PBXFileReference; lastKnownFileType = file.storyboard; name = Base; path = Base.lproj/Main.storyboard; sourceTree = "<group>"; };
		0CDA7121219D12B900578F25 /* Assets.xcassets */ = {isa = PBXFileReference; lastKnownFileType = folder.assetcatalog; path = Assets.xcassets; sourceTree = "<group>"; };
		0CDA7124219D12B900578F25 /* Base */ = {isa = PBXFileReference; lastKnownFileType = file.storyboard; name = Base; path = Base.lproj/LaunchScreen.storyboard; sourceTree = "<group>"; };
		0CDA7126219D12B900578F25 /* Info.plist */ = {isa = PBXFileReference; lastKnownFileType = text.plist.xml; path = Info.plist; sourceTree = "<group>"; };
		0CDA712C219D149B00578F25 /* GoogleService-Info.plist */ = {isa = PBXFileReference; fileEncoding = 4; lastKnownFileType = text.plist.xml; path = "GoogleService-Info.plist"; sourceTree = "<group>"; };
		0CF26BB221A36CC3009AD551 /* loginVC.swift */ = {isa = PBXFileReference; lastKnownFileType = sourcecode.swift; path = loginVC.swift; sourceTree = "<group>"; };
		0CF26BB421A36E5A009AD551 /* registerVC.swift */ = {isa = PBXFileReference; lastKnownFileType = sourcecode.swift; path = registerVC.swift; sourceTree = "<group>"; };
		0CF26BB621A373C9009AD551 /* homeVC.swift */ = {isa = PBXFileReference; lastKnownFileType = sourcecode.swift; path = homeVC.swift; sourceTree = "<group>"; };
		2EDE396B38FFCCAB7B8DB49B /* Pods-Ligare.release.xcconfig */ = {isa = PBXFileReference; includeInIndex = 1; lastKnownFileType = text.xcconfig; name = "Pods-Ligare.release.xcconfig"; path = "Pods/Target Support Files/Pods-Ligare/Pods-Ligare.release.xcconfig"; sourceTree = "<group>"; };
		CC42242DE986A799D4FE91CE /* Pods-Ligare.debug.xcconfig */ = {isa = PBXFileReference; includeInIndex = 1; lastKnownFileType = text.xcconfig; name = "Pods-Ligare.debug.xcconfig"; path = "Pods/Target Support Files/Pods-Ligare/Pods-Ligare.debug.xcconfig"; sourceTree = "<group>"; };
		DCBDCEFF1FAD786E9A0BA691 /* Pods_Ligare.framework */ = {isa = PBXFileReference; explicitFileType = wrapper.framework; includeInIndex = 0; path = Pods_Ligare.framework; sourceTree = BUILT_PRODUCTS_DIR; };
/* End PBXFileReference section */

/* Begin PBXFrameworksBuildPhase section */
		0CDA7114219D12B200578F25 /* Frameworks */ = {
			isa = PBXFrameworksBuildPhase;
			buildActionMask = 2147483647;
			files = (
				80E797201FB27E2A3ECCCDE3 /* Pods_Ligare.framework in Frameworks */,
			);
			runOnlyForDeploymentPostprocessing = 0;
		};
/* End PBXFrameworksBuildPhase section */

/* Begin PBXGroup section */
		0CDA710E219D12B100578F25 = {
			isa = PBXGroup;
			children = (
				0CDA7119219D12B200578F25 /* Ligare */,
				0CDA7118219D12B200578F25 /* Products */,
				47252A02021AC4FBD61E0CDA /* Pods */,
				0F9096E6C0106F207A959D7F /* Frameworks */,
			);
			sourceTree = "<group>";
		};
		0CDA7118219D12B200578F25 /* Products */ = {
			isa = PBXGroup;
			children = (
				0CDA7117219D12B200578F25 /* Ligare.app */,
			);
			name = Products;
			sourceTree = "<group>";
		};
		0CDA7119219D12B200578F25 /* Ligare */ = {
			isa = PBXGroup;
			children = (
				0CDA71B821A32FE700578F25 /* Services */,
				0CDA7132219D150C00578F25 /* Model */,
				0CDA712F219D14E500578F25 /* Controller */,
				0CDA7130219D14F800578F25 /* View */,
				0CDA7121219D12B900578F25 /* Assets.xcassets */,
				0CDA7126219D12B900578F25 /* Info.plist */,
				0CDA712C219D149B00578F25 /* GoogleService-Info.plist */,
			);
			path = Ligare;
			sourceTree = "<group>";
		};
		0CDA712F219D14E500578F25 /* Controller */ = {
			isa = PBXGroup;
			children = (
				0CDA711A219D12B200578F25 /* AppDelegate.swift */,
				0CF26BB221A36CC3009AD551 /* loginVC.swift */,
				0CF26BB421A36E5A009AD551 /* registerVC.swift */,
				0CF26BB621A373C9009AD551 /* homeVC.swift */,
				0CB8E37921A393B50084023E /* createVC.swift */,
				0C2CBF8C21A5F09B00ADCD7D /* mapViewVC.swift */,
			);
			path = Controller;
			sourceTree = "<group>";
		};
		0CDA7130219D14F800578F25 /* View */ = {
			isa = PBXGroup;
			children = (
				0CDA7123219D12B900578F25 /* LaunchScreen.storyboard */,
				0CDA711E219D12B200578F25 /* Main.storyboard */,
				0CB8E37B21A39F180084023E /* FeedCell.swift */,
			);
			path = View;
			sourceTree = "<group>";
		};
		0CDA7132219D150C00578F25 /* Model */ = {
			isa = PBXGroup;
			children = (
				0CB8E37D21A3A25A0084023E /* listing.swift */,
			);
			path = Model;
			sourceTree = "<group>";
		};
		0CDA71B821A32FE700578F25 /* Services */ = {
			isa = PBXGroup;
			children = (
				0CB8E37F21A3BDC60084023E /* DataService.swift */,
			);
			path = Services;
			sourceTree = "<group>";
		};
		0F9096E6C0106F207A959D7F /* Frameworks */ = {
			isa = PBXGroup;
			children = (
				DCBDCEFF1FAD786E9A0BA691 /* Pods_Ligare.framework */,
			);
			name = Frameworks;
			sourceTree = "<group>";
		};
		47252A02021AC4FBD61E0CDA /* Pods */ = {
			isa = PBXGroup;
			children = (
				CC42242DE986A799D4FE91CE /* Pods-Ligare.debug.xcconfig */,
				2EDE396B38FFCCAB7B8DB49B /* Pods-Ligare.release.xcconfig */,
			);
			name = Pods;
			sourceTree = "<group>";
		};
/* End PBXGroup section */

/* Begin PBXNativeTarget section */
		0CDA7116219D12B200578F25 /* Ligare */ = {
			isa = PBXNativeTarget;
			buildConfigurationList = 0CDA7129219D12B900578F25 /* Build configuration list for PBXNativeTarget "Ligare" */;
			buildPhases = (
				9CAD0647501A711545EFAC28 /* [CP] Check Pods Manifest.lock */,
				0CDA7113219D12B200578F25 /* Sources */,
				0CDA7114219D12B200578F25 /* Frameworks */,
				0CDA7115219D12B200578F25 /* Resources */,
				CD2E318E6CD0F0DF11C26F6B /* [CP] Embed Pods Frameworks */,
			);
			buildRules = (
			);
			dependencies = (
			);
			name = Ligare;
			productName = Ligare;
			productReference = 0CDA7117219D12B200578F25 /* Ligare.app */;
			productType = "com.apple.product-type.application";
		};
/* End PBXNativeTarget section */

/* Begin PBXProject section */
		0CDA710F219D12B100578F25 /* Project object */ = {
			isa = PBXProject;
			attributes = {
				LastSwiftUpdateCheck = 1010;
				LastUpgradeCheck = 1010;
				ORGANIZATIONNAME = "Egor Antipov";
				TargetAttributes = {
					0CDA7116219D12B200578F25 = {
						CreatedOnToolsVersion = 10.1;
					};
				};
			};
			buildConfigurationList = 0CDA7112219D12B100578F25 /* Build configuration list for PBXProject "Ligare" */;
			compatibilityVersion = "Xcode 9.3";
			developmentRegion = en;
			hasScannedForEncodings = 0;
			knownRegions = (
				en,
				Base,
			);
			mainGroup = 0CDA710E219D12B100578F25;
			productRefGroup = 0CDA7118219D12B200578F25 /* Products */;
			projectDirPath = "";
			projectRoot = "";
			targets = (
				0CDA7116219D12B200578F25 /* Ligare */,
			);
		};
/* End PBXProject section */

/* Begin PBXResourcesBuildPhase section */
		0CDA7115219D12B200578F25 /* Resources */ = {
			isa = PBXResourcesBuildPhase;
			buildActionMask = 2147483647;
			files = (
				0CDA7125219D12B900578F25 /* LaunchScreen.storyboard in Resources */,
				0CDA712D219D149B00578F25 /* GoogleService-Info.plist in Resources */,
				0CDA7122219D12B900578F25 /* Assets.xcassets in Resources */,
				0CDA7120219D12B200578F25 /* Main.storyboard in Resources */,
			);
			runOnlyForDeploymentPostprocessing = 0;
		};
/* End PBXResourcesBuildPhase section */

/* Begin PBXShellScriptBuildPhase section */
		9CAD0647501A711545EFAC28 /* [CP] Check Pods Manifest.lock */ = {
			isa = PBXShellScriptBuildPhase;
			buildActionMask = 2147483647;
			files = (
			);
			inputPaths = (
				"${PODS_PODFILE_DIR_PATH}/Podfile.lock",
				"${PODS_ROOT}/Manifest.lock",
			);
			name = "[CP] Check Pods Manifest.lock";
			outputPaths = (
				"$(DERIVED_FILE_DIR)/Pods-Ligare-checkManifestLockResult.txt",
			);
			runOnlyForDeploymentPostprocessing = 0;
			shellPath = /bin/sh;
			shellScript = "diff \"${PODS_PODFILE_DIR_PATH}/Podfile.lock\" \"${PODS_ROOT}/Manifest.lock\" > /dev/null\nif [ $? != 0 ] ; then\n    # print error to STDERR\n    echo \"error: The sandbox is not in sync with the Podfile.lock. Run 'pod install' or update your CocoaPods installation.\" >&2\n    exit 1\nfi\n# This output is used by Xcode 'outputs' to avoid re-running this script phase.\necho \"SUCCESS\" > \"${SCRIPT_OUTPUT_FILE_0}\"\n";
			showEnvVarsInLog = 0;
		};
		CD2E318E6CD0F0DF11C26F6B /* [CP] Embed Pods Frameworks */ = {
			isa = PBXShellScriptBuildPhase;
			buildActionMask = 2147483647;
			files = (
			);
			inputPaths = (
				"${SRCROOT}/Pods/Target Support Files/Pods-Ligare/Pods-Ligare-frameworks.sh",
				"${BUILT_PRODUCTS_DIR}/GTMSessionFetcher/GTMSessionFetcher.framework",
				"${BUILT_PRODUCTS_DIR}/GoogleUtilities/GoogleUtilities.framework",
				"${BUILT_PRODUCTS_DIR}/leveldb-library/leveldb.framework",
				"${BUILT_PRODUCTS_DIR}/nanopb/nanopb.framework",
			);
			name = "[CP] Embed Pods Frameworks";
			outputPaths = (
				"${TARGET_BUILD_DIR}/${FRAMEWORKS_FOLDER_PATH}/GTMSessionFetcher.framework",
				"${TARGET_BUILD_DIR}/${FRAMEWORKS_FOLDER_PATH}/GoogleUtilities.framework",
				"${TARGET_BUILD_DIR}/${FRAMEWORKS_FOLDER_PATH}/leveldb.framework",
				"${TARGET_BUILD_DIR}/${FRAMEWORKS_FOLDER_PATH}/nanopb.framework",
			);
			runOnlyForDeploymentPostprocessing = 0;
			shellPath = /bin/sh;
			shellScript = "\"${SRCROOT}/Pods/Target Support Files/Pods-Ligare/Pods-Ligare-frameworks.sh\"\n";
			showEnvVarsInLog = 0;
		};
/* End PBXShellScriptBuildPhase section */

/* Begin PBXSourcesBuildPhase section */
		0CDA7113219D12B200578F25 /* Sources */ = {
			isa = PBXSourcesBuildPhase;
			buildActionMask = 2147483647;
			files = (
				0CB8E37E21A3A25A0084023E /* listing.swift in Sources */,
				0CF26BB321A36CC3009AD551 /* loginVC.swift in Sources */,
				0CF26BB721A373C9009AD551 /* homeVC.swift in Sources */,
				0CB8E37A21A393B50084023E /* createVC.swift in Sources */,
				0CF26BB521A36E5A009AD551 /* registerVC.swift in Sources */,
				0CDA711B219D12B200578F25 /* AppDelegate.swift in Sources */,
				0CB8E37C21A39F180084023E /* FeedCell.swift in Sources */,
				0C2CBF8D21A5F09B00ADCD7D /* mapViewVC.swift in Sources */,
				0CB8E38021A3BDC60084023E /* DataService.swift in Sources */,
			);
			runOnlyForDeploymentPostprocessing = 0;
		};
/* End PBXSourcesBuildPhase section */

/* Begin PBXVariantGroup section */
		0CDA711E219D12B200578F25 /* Main.storyboard */ = {
			isa = PBXVariantGroup;
			children = (
				0CDA711F219D12B200578F25 /* Base */,
			);
			name = Main.storyboard;
			sourceTree = "<group>";
		};
		0CDA7123219D12B900578F25 /* LaunchScreen.storyboard */ = {
			isa = PBXVariantGroup;
			children = (
				0CDA7124219D12B900578F25 /* Base */,
			);
			name = LaunchScreen.storyboard;
			sourceTree = "<group>";
		};
/* End PBXVariantGroup section */

/* Begin XCBuildConfiguration section */
		0CDA7127219D12B900578F25 /* Debug */ = {
			isa = XCBuildConfiguration;
			buildSettings = {
				ALWAYS_SEARCH_USER_PATHS = NO;
				CLANG_ANALYZER_NONNULL = YES;
				CLANG_ANALYZER_NUMBER_OBJECT_CONVERSION = YES_AGGRESSIVE;
				CLANG_CXX_LANGUAGE_STANDARD = "gnu++14";
				CLANG_CXX_LIBRARY = "libc++";
				CLANG_ENABLE_MODULES = YES;
				CLANG_ENABLE_OBJC_ARC = YES;
				CLANG_ENABLE_OBJC_WEAK = YES;
				CLANG_WARN_BLOCK_CAPTURE_AUTORELEASING = YES;
				CLANG_WARN_BOOL_CONVERSION = YES;
				CLANG_WARN_COMMA = YES;
				CLANG_WARN_CONSTANT_CONVERSION = YES;
				CLANG_WARN_DEPRECATED_OBJC_IMPLEMENTATIONS = YES;
				CLANG_WARN_DIRECT_OBJC_ISA_USAGE = YES_ERROR;
				CLANG_WARN_DOCUMENTATION_COMMENTS = YES;
				CLANG_WARN_EMPTY_BODY = YES;
				CLANG_WARN_ENUM_CONVERSION = YES;
				CLANG_WARN_INFINITE_RECURSION = YES;
				CLANG_WARN_INT_CONVERSION = YES;
				CLANG_WARN_NON_LITERAL_NULL_CONVERSION = YES;
				CLANG_WARN_OBJC_IMPLICIT_RETAIN_SELF = YES;
				CLANG_WARN_OBJC_LITERAL_CONVERSION = YES;
				CLANG_WARN_OBJC_ROOT_CLASS = YES_ERROR;
				CLANG_WARN_RANGE_LOOP_ANALYSIS = YES;
				CLANG_WARN_STRICT_PROTOTYPES = YES;
				CLANG_WARN_SUSPICIOUS_MOVE = YES;
				CLANG_WARN_UNGUARDED_AVAILABILITY = YES_AGGRESSIVE;
				CLANG_WARN_UNREACHABLE_CODE = YES;
				CLANG_WARN__DUPLICATE_METHOD_MATCH = YES;
				CODE_SIGN_IDENTITY = "iPhone Developer";
				COPY_PHASE_STRIP = NO;
				DEBUG_INFORMATION_FORMAT = dwarf;
				ENABLE_STRICT_OBJC_MSGSEND = YES;
				ENABLE_TESTABILITY = YES;
				GCC_C_LANGUAGE_STANDARD = gnu11;
				GCC_DYNAMIC_NO_PIC = NO;
				GCC_NO_COMMON_BLOCKS = YES;
				GCC_OPTIMIZATION_LEVEL = 0;
				GCC_PREPROCESSOR_DEFINITIONS = (
					"DEBUG=1",
					"$(inherited)",
				);
				GCC_WARN_64_TO_32_BIT_CONVERSION = YES;
				GCC_WARN_ABOUT_RETURN_TYPE = YES_ERROR;
				GCC_WARN_UNDECLARED_SELECTOR = YES;
				GCC_WARN_UNINITIALIZED_AUTOS = YES_AGGRESSIVE;
				GCC_WARN_UNUSED_FUNCTION = YES;
				GCC_WARN_UNUSED_VARIABLE = YES;
				IPHONEOS_DEPLOYMENT_TARGET = 12.1;
				MTL_ENABLE_DEBUG_INFO = INCLUDE_SOURCE;
				MTL_FAST_MATH = YES;
				ONLY_ACTIVE_ARCH = YES;
				SDKROOT = iphoneos;
				SWIFT_ACTIVE_COMPILATION_CONDITIONS = DEBUG;
				SWIFT_OPTIMIZATION_LEVEL = "-Onone";
			};
			name = Debug;
		};
		0CDA7128219D12B900578F25 /* Release */ = {
			isa = XCBuildConfiguration;
			buildSettings = {
				ALWAYS_SEARCH_USER_PATHS = NO;
				CLANG_ANALYZER_NONNULL = YES;
				CLANG_ANALYZER_NUMBER_OBJECT_CONVERSION = YES_AGGRESSIVE;
				CLANG_CXX_LANGUAGE_STANDARD = "gnu++14";
				CLANG_CXX_LIBRARY = "libc++";
				CLANG_ENABLE_MODULES = YES;
				CLANG_ENABLE_OBJC_ARC = YES;
				CLANG_ENABLE_OBJC_WEAK = YES;
				CLANG_WARN_BLOCK_CAPTURE_AUTORELEASING = YES;
				CLANG_WARN_BOOL_CONVERSION = YES;
				CLANG_WARN_COMMA = YES;
				CLANG_WARN_CONSTANT_CONVERSION = YES;
				CLANG_WARN_DEPRECATED_OBJC_IMPLEMENTATIONS = YES;
				CLANG_WARN_DIRECT_OBJC_ISA_USAGE = YES_ERROR;
				CLANG_WARN_DOCUMENTATION_COMMENTS = YES;
				CLANG_WARN_EMPTY_BODY = YES;
				CLANG_WARN_ENUM_CONVERSION = YES;
				CLANG_WARN_INFINITE_RECURSION = YES;
				CLANG_WARN_INT_CONVERSION = YES;
				CLANG_WARN_NON_LITERAL_NULL_CONVERSION = YES;
				CLANG_WARN_OBJC_IMPLICIT_RETAIN_SELF = YES;
				CLANG_WARN_OBJC_LITERAL_CONVERSION = YES;
				CLANG_WARN_OBJC_ROOT_CLASS = YES_ERROR;
				CLANG_WARN_RANGE_LOOP_ANALYSIS = YES;
				CLANG_WARN_STRICT_PROTOTYPES = YES;
				CLANG_WARN_SUSPICIOUS_MOVE = YES;
				CLANG_WARN_UNGUARDED_AVAILABILITY = YES_AGGRESSIVE;
				CLANG_WARN_UNREACHABLE_CODE = YES;
				CLANG_WARN__DUPLICATE_METHOD_MATCH = YES;
				CODE_SIGN_IDENTITY = "iPhone Developer";
				COPY_PHASE_STRIP = NO;
				DEBUG_INFORMATION_FORMAT = "dwarf-with-dsym";
				ENABLE_NS_ASSERTIONS = NO;
				ENABLE_STRICT_OBJC_MSGSEND = YES;
				GCC_C_LANGUAGE_STANDARD = gnu11;
				GCC_NO_COMMON_BLOCKS = YES;
				GCC_WARN_64_TO_32_BIT_CONVERSION = YES;
				GCC_WARN_ABOUT_RETURN_TYPE = YES_ERROR;
				GCC_WARN_UNDECLARED_SELECTOR = YES;
				GCC_WARN_UNINITIALIZED_AUTOS = YES_AGGRESSIVE;
				GCC_WARN_UNUSED_FUNCTION = YES;
				GCC_WARN_UNUSED_VARIABLE = YES;
				IPHONEOS_DEPLOYMENT_TARGET = 12.1;
				MTL_ENABLE_DEBUG_INFO = NO;
				MTL_FAST_MATH = YES;
				SDKROOT = iphoneos;
				SWIFT_COMPILATION_MODE = wholemodule;
				SWIFT_OPTIMIZATION_LEVEL = "-O";
				VALIDATE_PRODUCT = YES;
			};
			name = Release;
		};
		0CDA712A219D12B900578F25 /* Debug */ = {
			isa = XCBuildConfiguration;
			baseConfigurationReference = CC42242DE986A799D4FE91CE /* Pods-Ligare.debug.xcconfig */;
			buildSettings = {
				ASSETCATALOG_COMPILER_APPICON_NAME = AppIcon;
				CODE_SIGN_STYLE = Automatic;
				DEVELOPMENT_TEAM = 6F8K88TH24;
				INFOPLIST_FILE = Ligare/Info.plist;
				LD_RUNPATH_SEARCH_PATHS = (
					"$(inherited)",
					"@executable_path/Frameworks",
				);
				PRODUCT_BUNDLE_IDENTIFIER = com.egorantipov.Ligare1;
				PRODUCT_NAME = "$(TARGET_NAME)";
				SWIFT_VERSION = 4.2;
				TARGETED_DEVICE_FAMILY = "1,2";
			};
			name = Debug;
		};
		0CDA712B219D12B900578F25 /* Release */ = {
			isa = XCBuildConfiguration;
			baseConfigurationReference = 2EDE396B38FFCCAB7B8DB49B /* Pods-Ligare.release.xcconfig */;
			buildSettings = {
				ASSETCATALOG_COMPILER_APPICON_NAME = AppIcon;
				CODE_SIGN_STYLE = Automatic;
				DEVELOPMENT_TEAM = 6F8K88TH24;
				INFOPLIST_FILE = Ligare/Info.plist;
				LD_RUNPATH_SEARCH_PATHS = (
					"$(inherited)",
					"@executable_path/Frameworks",
				);
				PRODUCT_BUNDLE_IDENTIFIER = com.egorantipov.Ligare1;
				PRODUCT_NAME = "$(TARGET_NAME)";
				SWIFT_VERSION = 4.2;
				TARGETED_DEVICE_FAMILY = "1,2";
			};
			name = Release;
		};
/* End XCBuildConfiguration section */

/* Begin XCConfigurationList section */
		0CDA7112219D12B100578F25 /* Build configuration list for PBXProject "Ligare" */ = {
			isa = XCConfigurationList;
			buildConfigurations = (
				0CDA7127219D12B900578F25 /* Debug */,
				0CDA7128219D12B900578F25 /* Release */,
			);
			defaultConfigurationIsVisible = 0;
			defaultConfigurationName = Release;
		};
		0CDA7129219D12B900578F25 /* Build configuration list for PBXNativeTarget "Ligare" */ = {
			isa = XCConfigurationList;
			buildConfigurations = (
				0CDA712A219D12B900578F25 /* Debug */,
				0CDA712B219D12B900578F25 /* Release */,
			);
			defaultConfigurationIsVisible = 0;
			defaultConfigurationName = Release;
		};
/* End XCConfigurationList section */
	};
	rootObject = 0CDA710F219D12B100578F25 /* Project object */;
}
